
Microsoft Visual Studio Solution File, Format Version 12.00
# Visual Studio Version 17
VisualStudioVersion = 17.3.32819.101
MinimumVisualStudioVersion = 10.0.40219.1
Project("{FAE04EC0-301F-11D3-BF4B-00C04F79EFBC}") = "EvaluasiDTS", "EvaluasiDTS\EvaluasiDTS.csproj", "{51D225DA-5F04-49E2-BAC6-9C67C4648A50}"
EndProject
Global
	GlobalSection(SolutionConfigurationPlatforms) = preSolution
		Debug|Any CPU = Debug|Any CPU
		Release|Any CPU = Release|Any CPU
	EndGlobalSection
	GlobalSection(ProjectConfigurationPlatforms) = postSolution
		{51D225DA-5F04-49E2-BAC6-9C67C4648A50}.Debug|Any CPU.ActiveCfg = Debug|Any CPU
		{51D225DA-5F04-49E2-BAC6-9C67C4648A50}.Debug|Any CPU.Build.0 = Debug|Any CPU
		{51D225DA-5F04-49E2-BAC6-9C67C4648A50}.Release|Any CPU.ActiveCfg = Release|Any CPU
		{51D225DA-5F04-49E2-BAC6-9C67C4648A50}.Release|Any CPU.Build.0 = Release|Any CPU
	EndGlobalSection
	GlobalSection(SolutionProperties) = preSolution
		HideSolutionNode = FALSE
	EndGlobalSection
	GlobalSection(ExtensibilityGlobals) = postSolution
		SolutionGuid = {18C57804-C5C7-4A2B-A692-8D7C90FFFBA1}
	EndGlobalSection
EndGlobal
